
Microsoft Visual Studio Solution File, Format Version 12.00
# Visual Studio Version 16
VisualStudioVersion = 16.0.30709.132
MinimumVisualStudioVersion = 10.0.40219.1
Project("{FAE04EC0-301F-11D3-BF4B-00C04F79EFBC}") = "SYSInfo Monitor", "SYSInfo Monitor\SYSInfo Monitor.csproj", "{8CF75E4C-3A9D-42CC-A324-BFE648560FE3}"
EndProject
Project("{2150E333-8FDC-42A3-9474-1A3956D46DE8}") = "Solution Items", "Solution Items", "{01431372-4767-4129-89EE-0D9463EC7279}"
	ProjectSection(SolutionItems) = preProject
		.editorconfig = .editorconfig
	EndProjectSection
EndProject
Project("{FAE04EC0-301F-11D3-BF4B-00C04F79EFBC}") = "SYSInfoMonitorLib", "SYSInfoMonitorLib\SYSInfoMonitorLib.csproj", "{65D2FDFA-8FF7-45D9-A4E7-95097277A064}"
EndProject
Global
	GlobalSection(SolutionConfigurationPlatforms) = preSolution
		Debug|Any CPU = Debug|Any CPU
		Release|Any CPU = Release|Any CPU
	EndGlobalSection
	GlobalSection(ProjectConfigurationPlatforms) = postSolution
		{8CF75E4C-3A9D-42CC-A324-BFE648560FE3}.Debug|Any CPU.ActiveCfg = Debug|Any CPU
		{8CF75E4C-3A9D-42CC-A324-BFE648560FE3}.Debug|Any CPU.Build.0 = Debug|Any CPU
		{8CF75E4C-3A9D-42CC-A324-BFE648560FE3}.Release|Any CPU.ActiveCfg = Release|Any CPU
		{8CF75E4C-3A9D-42CC-A324-BFE648560FE3}.Release|Any CPU.Build.0 = Release|Any CPU
		{65D2FDFA-8FF7-45D9-A4E7-95097277A064}.Debug|Any CPU.ActiveCfg = Debug|Any CPU
		{65D2FDFA-8FF7-45D9-A4E7-95097277A064}.Debug|Any CPU.Build.0 = Debug|Any CPU
		{65D2FDFA-8FF7-45D9-A4E7-95097277A064}.Release|Any CPU.ActiveCfg = Release|Any CPU
		{65D2FDFA-8FF7-45D9-A4E7-95097277A064}.Release|Any CPU.Build.0 = Release|Any CPU
	EndGlobalSection
	GlobalSection(SolutionProperties) = preSolution
		HideSolutionNode = FALSE
	EndGlobalSection
	GlobalSection(ExtensibilityGlobals) = postSolution
		SolutionGuid = {7FCD71FA-F92E-4409-BB26-05BA5CC9DFBF}
	EndGlobalSection
EndGlobal
